
Microsoft Visual Studio Solution File, Format Version 12.00
Project("{FAE04EC0-301F-11D3-BF4B-00C04F79EFBC}") = "LeoAnalyzers", "LeoAnalyzers\LeoAnalyzers.csproj", "{91B85200-A151-4296-B21B-E3460845F11B}"
EndProject
Project("{FAE04EC0-301F-11D3-BF4B-00C04F79EFBC}") = "LeoAnalyzers.Sample", "LeoAnalyzers.Sample\LeoAnalyzers.Sample.csproj", "{A6853BA2-3B5B-4F77-ADDD-6BF7A905AD8D}"
EndProject
Project("{FAE04EC0-301F-11D3-BF4B-00C04F79EFBC}") = "LeoAnalyzers.Tests", "LeoAnalyzers.Tests\LeoAnalyzers.Tests.csproj", "{5D1A8659-BB7F-4C09-88E3-2E628A951B9F}"
EndProject
Global
	GlobalSection(SolutionConfigurationPlatforms) = preSolution
		Debug|Any CPU = Debug|Any CPU
		Release|Any CPU = Release|Any CPU
	EndGlobalSection
	GlobalSection(ProjectConfigurationPlatforms) = postSolution
		{91B85200-A151-4296-B21B-E3460845F11B}.Debug|Any CPU.ActiveCfg = Debug|Any CPU
		{91B85200-A151-4296-B21B-E3460845F11B}.Debug|Any CPU.Build.0 = Debug|Any CPU
		{91B85200-A151-4296-B21B-E3460845F11B}.Release|Any CPU.ActiveCfg = Release|Any CPU
		{91B85200-A151-4296-B21B-E3460845F11B}.Release|Any CPU.Build.0 = Release|Any CPU
		{A6853BA2-3B5B-4F77-ADDD-6BF7A905AD8D}.Debug|Any CPU.ActiveCfg = Debug|Any CPU
		{A6853BA2-3B5B-4F77-ADDD-6BF7A905AD8D}.Debug|Any CPU.Build.0 = Debug|Any CPU
		{A6853BA2-3B5B-4F77-ADDD-6BF7A905AD8D}.Release|Any CPU.ActiveCfg = Release|Any CPU
		{A6853BA2-3B5B-4F77-ADDD-6BF7A905AD8D}.Release|Any CPU.Build.0 = Release|Any CPU
		{5D1A8659-BB7F-4C09-88E3-2E628A951B9F}.Debug|Any CPU.ActiveCfg = Debug|Any CPU
		{5D1A8659-BB7F-4C09-88E3-2E628A951B9F}.Debug|Any CPU.Build.0 = Debug|Any CPU
		{5D1A8659-BB7F-4C09-88E3-2E628A951B9F}.Release|Any CPU.ActiveCfg = Release|Any CPU
		{5D1A8659-BB7F-4C09-88E3-2E628A951B9F}.Release|Any CPU.Build.0 = Release|Any CPU
	EndGlobalSection
EndGlobal
